// !$*UTF8*$!
{
	archiveVersion = 1;
	classes = {
	};
	objectVersion = 46;
	objects = {

/* Begin PBXBuildFile section */
		BA7781F516C8391F00987D3B /* UIKit.framework in Frameworks */ = {isa = PBXBuildFile; fileRef = BA7781F416C8391F00987D3B /* UIKit.framework */; };
		BA7781F716C8391F00987D3B /* Foundation.framework in Frameworks */ = {isa = PBXBuildFile; fileRef = BA7781F616C8391F00987D3B /* Foundation.framework */; };
		BA7781F916C8391F00987D3B /* CoreGraphics.framework in Frameworks */ = {isa = PBXBuildFile; fileRef = BA7781F816C8391F00987D3B /* CoreGraphics.framework */; };
		BA7781FF16C8391F00987D3B /* InfoPlist.strings in Resources */ = {isa = PBXBuildFile; fileRef = BA7781FD16C8391F00987D3B /* InfoPlist.strings */; };
		BA77820116C8391F00987D3B /* main.m in Sources */ = {isa = PBXBuildFile; fileRef = BA77820016C8391F00987D3B /* main.m */; };
		BA77820516C8391F00987D3B /* AppDelegate.m in Sources */ = {isa = PBXBuildFile; fileRef = BA77820416C8391F00987D3B /* AppDelegate.m */; };
		BA77820716C8391F00987D3B /* Default.png in Resources */ = {isa = PBXBuildFile; fileRef = BA77820616C8391F00987D3B /* Default.png */; };
		BA77820916C8391F00987D3B /* Default@2x.png in Resources */ = {isa = PBXBuildFile; fileRef = BA77820816C8391F00987D3B /* Default@2x.png */; };
		BA77820B16C8391F00987D3B /* Default-568h@2x.png in Resources */ = {isa = PBXBuildFile; fileRef = BA77820A16C8391F00987D3B /* Default-568h@2x.png */; };
		BA77820E16C8391F00987D3B /* MainStoryboard.storyboard in Resources */ = {isa = PBXBuildFile; fileRef = BA77820C16C8391F00987D3B /* MainStoryboard.storyboard */; };
		BA77821116C8391F00987D3B /* ViewController.m in Sources */ = {isa = PBXBuildFile; fileRef = BA77821016C8391F00987D3B /* ViewController.m */; };
		BA77821916C8391F00987D3B /* SenTestingKit.framework in Frameworks */ = {isa = PBXBuildFile; fileRef = BA77821816C8391F00987D3B /* SenTestingKit.framework */; };
		BA77821A16C8391F00987D3B /* UIKit.framework in Frameworks */ = {isa = PBXBuildFile; fileRef = BA7781F416C8391F00987D3B /* UIKit.framework */; };
		BA77821B16C8391F00987D3B /* Foundation.framework in Frameworks */ = {isa = PBXBuildFile; fileRef = BA7781F616C8391F00987D3B /* Foundation.framework */; };
		BA77822316C8391F00987D3B /* InfoPlist.strings in Resources */ = {isa = PBXBuildFile; fileRef = BA77822116C8391F00987D3B /* InfoPlist.strings */; };
		BA77822616C8391F00987D3B /* PayAnywhereTests.m in Sources */ = {isa = PBXBuildFile; fileRef = BA77822516C8391F00987D3B /* PayAnywhereTests.m */; };
/* End PBXBuildFile section */

/* Begin PBXContainerItemProxy section */
		BA77821C16C8391F00987D3B /* PBXContainerItemProxy */ = {
			isa = PBXContainerItemProxy;
			containerPortal = BA7781E916C8391F00987D3B /* Project object */;
			proxyType = 1;
			remoteGlobalIDString = BA7781F016C8391F00987D3B;
			remoteInfo = PayAnywhere;
		};
/* End PBXContainerItemProxy section */

/* Begin PBXFileReference section */
		BA7781F116C8391F00987D3B /* PayAnywhere.app */ = {isa = PBXFileReference; explicitFileType = wrapper.application; includeInIndex = 0; path = PayAnywhere.app; sourceTree = BUILT_PRODUCTS_DIR; };
		BA7781F416C8391F00987D3B /* UIKit.framework */ = {isa = PBXFileReference; lastKnownFileType = wrapper.framework; name = UIKit.framework; path = System/Library/Frameworks/UIKit.framework; sourceTree = SDKROOT; };
		BA7781F616C8391F00987D3B /* Foundation.framework */ = {isa = PBXFileReference; lastKnownFileType = wrapper.framework; name = Foundation.framework; path = System/Library/Frameworks/Foundation.framework; sourceTree = SDKROOT; };
		BA7781F816C8391F00987D3B /* CoreGraphics.framework */ = {isa = PBXFileReference; lastKnownFileType = wrapper.framework; name = CoreGraphics.framework; path = System/Library/Frameworks/CoreGraphics.framework; sourceTree = SDKROOT; };
		BA7781FC16C8391F00987D3B /* PayAnywhere-Info.plist */ = {isa = PBXFileReference; lastKnownFileType = text.plist.xml; path = "PayAnywhere-Info.plist"; sourceTree = "<group>"; };
		BA7781FE16C8391F00987D3B /* en */ = {isa = PBXFileReference; lastKnownFileType = text.plist.strings; name = en; path = en.lproj/InfoPlist.strings; sourceTree = "<group>"; };
		BA77820016C8391F00987D3B /* main.m */ = {isa = PBXFileReference; lastKnownFileType = sourcecode.c.objc; path = main.m; sourceTree = "<group>"; };
		BA77820216C8391F00987D3B /* PayAnywhere-Prefix.pch */ = {isa = PBXFileReference; lastKnownFileType = sourcecode.c.h; path = "PayAnywhere-Prefix.pch"; sourceTree = "<group>"; };
		BA77820316C8391F00987D3B /* AppDelegate.h */ = {isa = PBXFileReference; lastKnownFileType = sourcecode.c.h; path = AppDelegate.h; sourceTree = "<group>"; };
		BA77820416C8391F00987D3B /* AppDelegate.m */ = {isa = PBXFileReference; lastKnownFileType = sourcecode.c.objc; path = AppDelegate.m; sourceTree = "<group>"; };
		BA77820616C8391F00987D3B /* Default.png */ = {isa = PBXFileReference; lastKnownFileType = image.png; path = Default.png; sourceTree = "<group>"; };
		BA77820816C8391F00987D3B /* Default@2x.png */ = {isa = PBXFileReference; lastKnownFileType = image.png; path = "Default@2x.png"; sourceTree = "<group>"; };
		BA77820A16C8391F00987D3B /* Default-568h@2x.png */ = {isa = PBXFileReference; lastKnownFileType = image.png; path = "Default-568h@2x.png"; sourceTree = "<group>"; };
		BA77820D16C8391F00987D3B /* en */ = {isa = PBXFileReference; lastKnownFileType = file.storyboard; name = en; path = en.lproj/MainStoryboard.storyboard; sourceTree = "<group>"; };
		BA77820F16C8391F00987D3B /* ViewController.h */ = {isa = PBXFileReference; lastKnownFileType = sourcecode.c.h; path = ViewController.h; sourceTree = "<group>"; };
		BA77821016C8391F00987D3B /* ViewController.m */ = {isa = PBXFileReference; lastKnownFileType = sourcecode.c.objc; path = ViewController.m; sourceTree = "<group>"; };
		BA77821716C8391F00987D3B /* PayAnywhereTests.octest */ = {isa = PBXFileReference; explicitFileType = wrapper.cfbundle; includeInIndex = 0; path = PayAnywhereTests.octest; sourceTree = BUILT_PRODUCTS_DIR; };
		BA77821816C8391F00987D3B /* SenTestingKit.framework */ = {isa = PBXFileReference; lastKnownFileType = wrapper.framework; name = SenTestingKit.framework; path = Library/Frameworks/SenTestingKit.framework; sourceTree = DEVELOPER_DIR; };
		BA77822016C8391F00987D3B /* PayAnywhereTests-Info.plist */ = {isa = PBXFileReference; lastKnownFileType = text.plist.xml; path = "PayAnywhereTests-Info.plist"; sourceTree = "<group>"; };
		BA77822216C8391F00987D3B /* en */ = {isa = PBXFileReference; lastKnownFileType = text.plist.strings; name = en; path = en.lproj/InfoPlist.strings; sourceTree = "<group>"; };
		BA77822416C8391F00987D3B /* PayAnywhereTests.h */ = {isa = PBXFileReference; lastKnownFileType = sourcecode.c.h; path = PayAnywhereTests.h; sourceTree = "<group>"; };
		BA77822516C8391F00987D3B /* PayAnywhereTests.m */ = {isa = PBXFileReference; lastKnownFileType = sourcecode.c.objc; path = PayAnywhereTests.m; sourceTree = "<group>"; };
/* End PBXFileReference section */

/* Begin PBXFrameworksBuildPhase section */
		BA7781EE16C8391F00987D3B /* Frameworks */ = {
			isa = PBXFrameworksBuildPhase;
			buildActionMask = 2147483647;
			files = (
				BA7781F516C8391F00987D3B /* UIKit.framework in Frameworks */,
				BA7781F716C8391F00987D3B /* Foundation.framework in Frameworks */,
				BA7781F916C8391F00987D3B /* CoreGraphics.framework in Frameworks */,
			);
			runOnlyForDeploymentPostprocessing = 0;
		};
		BA77821316C8391F00987D3B /* Frameworks */ = {
			isa = PBXFrameworksBuildPhase;
			buildActionMask = 2147483647;
			files = (
				BA77821916C8391F00987D3B /* SenTestingKit.framework in Frameworks */,
				BA77821A16C8391F00987D3B /* UIKit.framework in Frameworks */,
				BA77821B16C8391F00987D3B /* Foundation.framework in Frameworks */,
			);
			runOnlyForDeploymentPostprocessing = 0;
		};
/* End PBXFrameworksBuildPhase section */

/* Begin PBXGroup section */
		BA7781E816C8391F00987D3B = {
			isa = PBXGroup;
			children = (
				BA7781FA16C8391F00987D3B /* PayAnywhere */,
				BA77821E16C8391F00987D3B /* PayAnywhereTests */,
				BA7781F316C8391F00987D3B /* Frameworks */,
				BA7781F216C8391F00987D3B /* Products */,
			);
			sourceTree = "<group>";
		};
		BA7781F216C8391F00987D3B /* Products */ = {
			isa = PBXGroup;
			children = (
				BA7781F116C8391F00987D3B /* PayAnywhere.app */,
				BA77821716C8391F00987D3B /* PayAnywhereTests.octest */,
			);
			name = Products;
			sourceTree = "<group>";
		};
		BA7781F316C8391F00987D3B /* Frameworks */ = {
			isa = PBXGroup;
			children = (
				BA7781F416C8391F00987D3B /* UIKit.framework */,
				BA7781F616C8391F00987D3B /* Foundation.framework */,
				BA7781F816C8391F00987D3B /* CoreGraphics.framework */,
				BA77821816C8391F00987D3B /* SenTestingKit.framework */,
			);
			name = Frameworks;
			sourceTree = "<group>";
		};
		BA7781FA16C8391F00987D3B /* PayAnywhere */ = {
			isa = PBXGroup;
			children = (
				BA77820316C8391F00987D3B /* AppDelegate.h */,
				BA77820416C8391F00987D3B /* AppDelegate.m */,
				BA77820C16C8391F00987D3B /* MainStoryboard.storyboard */,
				BA77820F16C8391F00987D3B /* ViewController.h */,
				BA77821016C8391F00987D3B /* ViewController.m */,
				BA7781FB16C8391F00987D3B /* Supporting Files */,
			);
			path = PayAnywhere;
			sourceTree = "<group>";
		};
		BA7781FB16C8391F00987D3B /* Supporting Files */ = {
			isa = PBXGroup;
			children = (
				BA7781FC16C8391F00987D3B /* PayAnywhere-Info.plist */,
				BA7781FD16C8391F00987D3B /* InfoPlist.strings */,
				BA77820016C8391F00987D3B /* main.m */,
				BA77820216C8391F00987D3B /* PayAnywhere-Prefix.pch */,
				BA77820616C8391F00987D3B /* Default.png */,
				BA77820816C8391F00987D3B /* Default@2x.png */,
				BA77820A16C8391F00987D3B /* Default-568h@2x.png */,
			);
			name = "Supporting Files";
			sourceTree = "<group>";
		};
		BA77821E16C8391F00987D3B /* PayAnywhereTests */ = {
			isa = PBXGroup;
			children = (
				BA77822416C8391F00987D3B /* PayAnywhereTests.h */,
				BA77822516C8391F00987D3B /* PayAnywhereTests.m */,
				BA77821F16C8391F00987D3B /* Supporting Files */,
			);
			path = PayAnywhereTests;
			sourceTree = "<group>";
		};
		BA77821F16C8391F00987D3B /* Supporting Files */ = {
			isa = PBXGroup;
			children = (
				BA77822016C8391F00987D3B /* PayAnywhereTests-Info.plist */,
				BA77822116C8391F00987D3B /* InfoPlist.strings */,
			);
			name = "Supporting Files";
			sourceTree = "<group>";
		};
/* End PBXGroup section */

/* Begin PBXNativeTarget section */
		BA7781F016C8391F00987D3B /* PayAnywhere */ = {
			isa = PBXNativeTarget;
			buildConfigurationList = BA77822916C8391F00987D3B /* Build configuration list for PBXNativeTarget "PayAnywhere" */;
			buildPhases = (
				BA7781ED16C8391F00987D3B /* Sources */,
				BA7781EE16C8391F00987D3B /* Frameworks */,
				BA7781EF16C8391F00987D3B /* Resources */,
			);
			buildRules = (
			);
			dependencies = (
			);
			name = PayAnywhere;
			productName = PayAnywhere;
			productReference = BA7781F116C8391F00987D3B /* PayAnywhere.app */;
			productType = "com.apple.product-type.application";
		};
		BA77821616C8391F00987D3B /* PayAnywhereTests */ = {
			isa = PBXNativeTarget;
			buildConfigurationList = BA77822C16C8391F00987D3B /* Build configuration list for PBXNativeTarget "PayAnywhereTests" */;
			buildPhases = (
				BA77821216C8391F00987D3B /* Sources */,
				BA77821316C8391F00987D3B /* Frameworks */,
				BA77821416C8391F00987D3B /* Resources */,
				BA77821516C8391F00987D3B /* ShellScript */,
			);
			buildRules = (
			);
			dependencies = (
				BA77821D16C8391F00987D3B /* PBXTargetDependency */,
			);
			name = PayAnywhereTests;
			productName = PayAnywhereTests;
			productReference = BA77821716C8391F00987D3B /* PayAnywhereTests.octest */;
			productType = "com.apple.product-type.bundle";
		};
/* End PBXNativeTarget section */

/* Begin PBXProject section */
		BA7781E916C8391F00987D3B /* Project object */ = {
			isa = PBXProject;
			attributes = {
				LastUpgradeCheck = 0460;
				ORGANIZATIONNAME = NAB;
			};
			buildConfigurationList = BA7781EC16C8391F00987D3B /* Build configuration list for PBXProject "PayAnywhere" */;
			compatibilityVersion = "Xcode 3.2";
			developmentRegion = English;
			hasScannedForEncodings = 0;
			knownRegions = (
				en,
			);
			mainGroup = BA7781E816C8391F00987D3B;
			productRefGroup = BA7781F216C8391F00987D3B /* Products */;
			projectDirPath = "";
			projectRoot = "";
			targets = (
				BA7781F016C8391F00987D3B /* PayAnywhere */,
				BA77821616C8391F00987D3B /* PayAnywhereTests */,
			);
		};
/* End PBXProject section */

/* Begin PBXResourcesBuildPhase section */
		BA7781EF16C8391F00987D3B /* Resources */ = {
			isa = PBXResourcesBuildPhase;
			buildActionMask = 2147483647;
			files = (
				BA7781FF16C8391F00987D3B /* InfoPlist.strings in Resources */,
				BA77820716C8391F00987D3B /* Default.png in Resources */,
				BA77820916C8391F00987D3B /* Default@2x.png in Resources */,
				BA77820B16C8391F00987D3B /* Default-568h@2x.png in Resources */,
				BA77820E16C8391F00987D3B /* MainStoryboard.storyboard in Resources */,
			);
			runOnlyForDeploymentPostprocessing = 0;
		};
		BA77821416C8391F00987D3B /* Resources */ = {
			isa = PBXResourcesBuildPhase;
			buildActionMask = 2147483647;
			files = (
				BA77822316C8391F00987D3B /* InfoPlist.strings in Resources */,
			);
			runOnlyForDeploymentPostprocessing = 0;
		};
/* End PBXResourcesBuildPhase section */

/* Begin PBXShellScriptBuildPhase section */
		BA77821516C8391F00987D3B /* ShellScript */ = {
			isa = PBXShellScriptBuildPhase;
			buildActionMask = 2147483647;
			files = (
			);
			inputPaths = (
			);
			outputPaths = (
			);
			runOnlyForDeploymentPostprocessing = 0;
			shellPath = /bin/sh;
			shellScript = "# Run the unit tests in this test bundle.\n\"${SYSTEM_DEVELOPER_DIR}/Tools/RunUnitTests\"\n";
		};
/* End PBXShellScriptBuildPhase section */

/* Begin PBXSourcesBuildPhase section */
		BA7781ED16C8391F00987D3B /* Sources */ = {
			isa = PBXSourcesBuildPhase;
			buildActionMask = 2147483647;
			files = (
				BA77820116C8391F00987D3B /* main.m in Sources */,
				BA77820516C8391F00987D3B /* AppDelegate.m in Sources */,
				BA77821116C8391F00987D3B /* ViewController.m in Sources */,
			);
			runOnlyForDeploymentPostprocessing = 0;
		};
		BA77821216C8391F00987D3B /* Sources */ = {
			isa = PBXSourcesBuildPhase;
			buildActionMask = 2147483647;
			files = (
				BA77822616C8391F00987D3B /* PayAnywhereTests.m in Sources */,
			);
			runOnlyForDeploymentPostprocessing = 0;
		};
/* End PBXSourcesBuildPhase section */

/* Begin PBXTargetDependency section */
		BA77821D16C8391F00987D3B /* PBXTargetDependency */ = {
			isa = PBXTargetDependency;
			target = BA7781F016C8391F00987D3B /* PayAnywhere */;
			targetProxy = BA77821C16C8391F00987D3B /* PBXContainerItemProxy */;
		};
/* End PBXTargetDependency section */

/* Begin PBXVariantGroup section */
		BA7781FD16C8391F00987D3B /* InfoPlist.strings */ = {
			isa = PBXVariantGroup;
			children = (
				BA7781FE16C8391F00987D3B /* en */,
			);
			name = InfoPlist.strings;
			sourceTree = "<group>";
		};
		BA77820C16C8391F00987D3B /* MainStoryboard.storyboard */ = {
			isa = PBXVariantGroup;
			children = (
				BA77820D16C8391F00987D3B /* en */,
			);
			name = MainStoryboard.storyboard;
			sourceTree = "<group>";
		};
		BA77822116C8391F00987D3B /* InfoPlist.strings */ = {
			isa = PBXVariantGroup;
			children = (
				BA77822216C8391F00987D3B /* en */,
			);
			name = InfoPlist.strings;
			sourceTree = "<group>";
		};
/* End PBXVariantGroup section */

/* Begin XCBuildConfiguration section */
		BA77822716C8391F00987D3B /* Debug */ = {
			isa = XCBuildConfiguration;
			buildSettings = {
				ALWAYS_SEARCH_USER_PATHS = NO;
				CLANG_CXX_LANGUAGE_STANDARD = "gnu++0x";
				CLANG_CXX_LIBRARY = "libc++";
				CLANG_ENABLE_OBJC_ARC = YES;
				CLANG_WARN_CONSTANT_CONVERSION = YES;
				CLANG_WARN_EMPTY_BODY = YES;
				CLANG_WARN_ENUM_CONVERSION = YES;
				CLANG_WARN_INT_CONVERSION = YES;
				CLANG_WARN__DUPLICATE_METHOD_MATCH = YES;
				"CODE_SIGN_IDENTITY[sdk=iphoneos*]" = "iPhone Developer";
				COPY_PHASE_STRIP = NO;
				GCC_C_LANGUAGE_STANDARD = gnu99;
				GCC_DYNAMIC_NO_PIC = NO;
				GCC_OPTIMIZATION_LEVEL = 0;
				GCC_PREPROCESSOR_DEFINITIONS = (
					"DEBUG=1",
					"$(inherited)",
				);
				GCC_SYMBOLS_PRIVATE_EXTERN = NO;
				GCC_WARN_ABOUT_RETURN_TYPE = YES;
				GCC_WARN_UNINITIALIZED_AUTOS = YES;
				GCC_WARN_UNUSED_VARIABLE = YES;
				IPHONEOS_DEPLOYMENT_TARGET = 6.1;
				ONLY_ACTIVE_ARCH = YES;
				SDKROOT = iphoneos;
				TARGETED_DEVICE_FAMILY = 2;
			};
			name = Debug;
		};
		BA77822816C8391F00987D3B /* Release */ = {
			isa = XCBuildConfiguration;
			buildSettings = {
				ALWAYS_SEARCH_USER_PATHS = NO;
				CLANG_CXX_LANGUAGE_STANDARD = "gnu++0x";
				CLANG_CXX_LIBRARY = "libc++";
				CLANG_ENABLE_OBJC_ARC = YES;
				CLANG_WARN_CONSTANT_CONVERSION = YES;
				CLANG_WARN_EMPTY_BODY = YES;
				CLANG_WARN_ENUM_CONVERSION = YES;
				CLANG_WARN_INT_CONVERSION = YES;
				CLANG_WARN__DUPLICATE_METHOD_MATCH = YES;
				"CODE_SIGN_IDENTITY[sdk=iphoneos*]" = "iPhone Developer";
				COPY_PHASE_STRIP = YES;
				GCC_C_LANGUAGE_STANDARD = gnu99;
				GCC_WARN_ABOUT_RETURN_TYPE = YES;
				GCC_WARN_UNINITIALIZED_AUTOS = YES;
				GCC_WARN_UNUSED_VARIABLE = YES;
				IPHONEOS_DEPLOYMENT_TARGET = 6.1;
				OTHER_CFLAGS = "-DNS_BLOCK_ASSERTIONS=1";
				SDKROOT = iphoneos;
				TARGETED_DEVICE_FAMILY = 2;
				VALIDATE_PRODUCT = YES;
			};
			name = Release;
		};
		BA77822A16C8391F00987D3B /* Debug */ = {
			isa = XCBuildConfiguration;
			buildSettings = {
				GCC_PRECOMPILE_PREFIX_HEADER = YES;
				GCC_PREFIX_HEADER = "PayAnywhere/PayAnywhere-Prefix.pch";
				INFOPLIST_FILE = "PayAnywhere/PayAnywhere-Info.plist";
				PRODUCT_NAME = "$(TARGET_NAME)";
				WRAPPER_EXTENSION = app;
			};
			name = Debug;
		};
		BA77822B16C8391F00987D3B /* Release */ = {
			isa = XCBuildConfiguration;
			buildSettings = {
				GCC_PRECOMPILE_PREFIX_HEADER = YES;
				GCC_PREFIX_HEADER = "PayAnywhere/PayAnywhere-Prefix.pch";
				INFOPLIST_FILE = "PayAnywhere/PayAnywhere-Info.plist";
				PRODUCT_NAME = "$(TARGET_NAME)";
				WRAPPER_EXTENSION = app;
			};
			name = Release;
		};
		BA77822D16C8391F00987D3B /* Debug */ = {
			isa = XCBuildConfiguration;
			buildSettings = {
				BUNDLE_LOADER = "$(BUILT_PRODUCTS_DIR)/PayAnywhere.app/PayAnywhere";
				FRAMEWORK_SEARCH_PATHS = (
					"\"$(SDKROOT)/Developer/Library/Frameworks\"",
					"\"$(DEVELOPER_LIBRARY_DIR)/Frameworks\"",
				);
				GCC_PRECOMPILE_PREFIX_HEADER = YES;
				GCC_PREFIX_HEADER = "PayAnywhere/PayAnywhere-Prefix.pch";
				INFOPLIST_FILE = "PayAnywhereTests/PayAnywhereTests-Info.plist";
				PRODUCT_NAME = "$(TARGET_NAME)";
				TEST_HOST = "$(BUNDLE_LOADER)";
				WRAPPER_EXTENSION = octest;
			};
			name = Debug;
		};
		BA77822E16C8391F00987D3B /* Release */ = {
			isa = XCBuildConfiguration;
			buildSettings = {
				BUNDLE_LOADER = "$(BUILT_PRODUCTS_DIR)/PayAnywhere.app/PayAnywhere";
				FRAMEWORK_SEARCH_PATHS = (
					"\"$(SDKROOT)/Developer/Library/Frameworks\"",
					"\"$(DEVELOPER_LIBRARY_DIR)/Frameworks\"",
				);
				GCC_PRECOMPILE_PREFIX_HEADER = YES;
				GCC_PREFIX_HEADER = "PayAnywhere/PayAnywhere-Prefix.pch";
				INFOPLIST_FILE = "PayAnywhereTests/PayAnywhereTests-Info.plist";
				PRODUCT_NAME = "$(TARGET_NAME)";
				TEST_HOST = "$(BUNDLE_LOADER)";
				WRAPPER_EXTENSION = octest;
			};
			name = Release;
		};
/* End XCBuildConfiguration section */

/* Begin XCConfigurationList section */
		BA7781EC16C8391F00987D3B /* Build configuration list for PBXProject "PayAnywhere" */ = {
			isa = XCConfigurationList;
			buildConfigurations = (
				BA77822716C8391F00987D3B /* Debug */,
				BA77822816C8391F00987D3B /* Release */,
			);
			defaultConfigurationIsVisible = 0;
			defaultConfigurationName = Release;
		};
		BA77822916C8391F00987D3B /* Build configuration list for PBXNativeTarget "PayAnywhere" */ = {
			isa = XCConfigurationList;
			buildConfigurations = (
				BA77822A16C8391F00987D3B /* Debug */,
				BA77822B16C8391F00987D3B /* Release */,
			);
			defaultConfigurationIsVisible = 0;
		};
		BA77822C16C8391F00987D3B /* Build configuration list for PBXNativeTarget "PayAnywhereTests" */ = {
			isa = XCConfigurationList;
			buildConfigurations = (
				BA77822D16C8391F00987D3B /* Debug */,
				BA77822E16C8391F00987D3B /* Release */,
			);
			defaultConfigurationIsVisible = 0;
		};
/* End XCConfigurationList section */
	};
	rootObject = BA7781E916C8391F00987D3B /* Project object */;
}
