// !$*UTF8*$!
{
	archiveVersion = 1;
	classes = {
	};
	objectVersion = 46;
	objects = {

/* Begin PBXBuildFile section */
		1402E9DE16E675590088CFD7 /* BusinessButton.PNG in Resources */ = {isa = PBXBuildFile; fileRef = 1402E9D516E675590088CFD7 /* BusinessButton.PNG */; };
		1402E9DF16E675590088CFD7 /* BusinessButtonGray.PNG in Resources */ = {isa = PBXBuildFile; fileRef = 1402E9D616E675590088CFD7 /* BusinessButtonGray.PNG */; };
		1402E9E016E675590088CFD7 /* CardReader.PNG in Resources */ = {isa = PBXBuildFile; fileRef = 1402E9D716E675590088CFD7 /* CardReader.PNG */; };
		1402E9E116E675590088CFD7 /* CreateAccountButton.png in Resources */ = {isa = PBXBuildFile; fileRef = 1402E9D816E675590088CFD7 /* CreateAccountButton.png */; };
		1402E9E216E675590088CFD7 /* IndivButton.PNG in Resources */ = {isa = PBXBuildFile; fileRef = 1402E9D916E675590088CFD7 /* IndivButton.PNG */; };
		1402E9E316E675590088CFD7 /* IndivButtonGray.PNG in Resources */ = {isa = PBXBuildFile; fileRef = 1402E9DA16E675590088CFD7 /* IndivButtonGray.PNG */; };
		1402E9E416E675590088CFD7 /* NABicon.png in Resources */ = {isa = PBXBuildFile; fileRef = 1402E9DB16E675590088CFD7 /* NABicon.png */; };
		1402E9E516E675590088CFD7 /* NABiconCompact.png in Resources */ = {isa = PBXBuildFile; fileRef = 1402E9DC16E675590088CFD7 /* NABiconCompact.png */; };
		1402E9E616E675590088CFD7 /* PAandLogo.png in Resources */ = {isa = PBXBuildFile; fileRef = 1402E9DD16E675590088CFD7 /* PAandLogo.png */; };
		140798F916F007BE009AF305 /* BusinessSelected.png in Resources */ = {isa = PBXBuildFile; fileRef = 140798F716F007BE009AF305 /* BusinessSelected.png */; };
		140798FA16F007BE009AF305 /* IndivSelected.png in Resources */ = {isa = PBXBuildFile; fileRef = 140798F816F007BE009AF305 /* IndivSelected.png */; };
		147721B616F249300015677E /* FinishButton.png in Resources */ = {isa = PBXBuildFile; fileRef = 147721B516F249300015677E /* FinishButton.png */; };
		14B47A7F16F111ED00197699 /* TradeShow.m in Sources */ = {isa = PBXBuildFile; fileRef = 14B47A7E16F111ED00197699 /* TradeShow.m */; };
		14B47A8616F1129B00197699 /* Application.m in Sources */ = {isa = PBXBuildFile; fileRef = 14B47A8516F1129B00197699 /* Application.m */; };
		14B6741A16FA63380064F755 /* checkboxSelected.png in Resources */ = {isa = PBXBuildFile; fileRef = 14B6741816FA63380064F755 /* checkboxSelected.png */; };
		14B6741B16FA63380064F755 /* checkboxUnselected.png in Resources */ = {isa = PBXBuildFile; fileRef = 14B6741916FA63380064F755 /* checkboxUnselected.png */; };
		14BFE8131710A784005AFCA3 /* BankPageViewController.m in Sources */ = {isa = PBXBuildFile; fileRef = 14BFE8121710A784005AFCA3 /* BankPageViewController.m */; };
		14E66B5117020FD100D1FE66 /* FunctionsClass.m in Sources */ = {isa = PBXBuildFile; fileRef = 14E66B5017020FD100D1FE66 /* FunctionsClass.m */; };
		14ECA6A516F1412C009EEEF1 /* IndivButtonSelected2.png in Resources */ = {isa = PBXBuildFile; fileRef = 14ECA6A116F1412C009EEEF1 /* IndivButtonSelected2.png */; };
		14ECA6A616F1412C009EEEF1 /* IndivButtonUnselected2.png in Resources */ = {isa = PBXBuildFile; fileRef = 14ECA6A216F1412C009EEEF1 /* IndivButtonUnselected2.png */; };
		14ECA6A916F14509009EEEF1 /* BusinessButtonSelected2.png in Resources */ = {isa = PBXBuildFile; fileRef = 14ECA6A716F14509009EEEF1 /* BusinessButtonSelected2.png */; };
		14ECA6AA16F14509009EEEF1 /* BusinessButtonUnselected2.png in Resources */ = {isa = PBXBuildFile; fileRef = 14ECA6A816F14509009EEEF1 /* BusinessButtonUnselected2.png */; };
		B26428CF17F7738B00E0A0E8 /* CoreData.framework in Frameworks */ = {isa = PBXBuildFile; fileRef = B26428CE17F7738B00E0A0E8 /* CoreData.framework */; };
		B287E28717F1EAFC0001C929 /* PayAnywhereModel.xcdatamodeld in Sources */ = {isa = PBXBuildFile; fileRef = B287E28517F1EAFC0001C929 /* PayAnywhereModel.xcdatamodeld */; };
		B287E28B17F1F7B90001C929 /* Database.m in Sources */ = {isa = PBXBuildFile; fileRef = B287E28A17F1F7B90001C929 /* Database.m */; };
		B287E29717F210E90001C929 /* Form.m in Sources */ = {isa = PBXBuildFile; fileRef = B287E29617F210E90001C929 /* Form.m */; };
		B287E29A17F210E90001C929 /* Agent.m in Sources */ = {isa = PBXBuildFile; fileRef = B287E29917F210E90001C929 /* Agent.m */; };
		B287E29D17F210E90001C929 /* MarketSource.m in Sources */ = {isa = PBXBuildFile; fileRef = B287E29C17F210E90001C929 /* MarketSource.m */; };
		B287E2A017F213BA0001C929 /* Form+ApplicationDictionary.m in Sources */ = {isa = PBXBuildFile; fileRef = B287E29F17F213BA0001C929 /* Form+ApplicationDictionary.m */; };
		BA148A4D16F5123900DA78B7 /* birthdayViewController.m in Sources */ = {isa = PBXBuildFile; fileRef = BA148A4C16F5123900DA78B7 /* birthdayViewController.m */; };
		BA5DB68616F67A8600305C04 /* radio_checked.png in Resources */ = {isa = PBXBuildFile; fileRef = BA5DB68416F67A8600305C04 /* radio_checked.png */; };
		BA5DB68716F67A8600305C04 /* radio_uncheck.png in Resources */ = {isa = PBXBuildFile; fileRef = BA5DB68516F67A8600305C04 /* radio_uncheck.png */; };
		BAB699F91703BB8100393D36 /* AnotherTypePickerViewController.m in Sources */ = {isa = PBXBuildFile; fileRef = BAB699F81703BB8100393D36 /* AnotherTypePickerViewController.m */; };
		BAB699FC1703D38600393D36 /* MonthlySalesViewController.m in Sources */ = {isa = PBXBuildFile; fileRef = BAB699FB1703D38600393D36 /* MonthlySalesViewController.m */; };
		BAB699FF1703D59600393D36 /* TypePickerViewController.m in Sources */ = {isa = PBXBuildFile; fileRef = BAB699FE1703D59600393D36 /* TypePickerViewController.m */; };
		BAB69A021703DD7500393D36 /* HighestSalesViewController.m in Sources */ = {isa = PBXBuildFile; fileRef = BAB69A011703DD7500393D36 /* HighestSalesViewController.m */; };
		BAB69A051703E29C00393D36 /* BusTimeViewController.m in Sources */ = {isa = PBXBuildFile; fileRef = BAB69A041703E29C00393D36 /* BusTimeViewController.m */; };
		BABA2F3116F653AC001570EE /* birthdayViewControllerIndiv.m in Sources */ = {isa = PBXBuildFile; fileRef = BABA2F3016F653AC001570EE /* birthdayViewControllerIndiv.m */; };
		ED22B7EE1704E91B00ACB03F /* SignupAnywhereDB.m in Sources */ = {isa = PBXBuildFile; fileRef = ED22B7ED1704E91B00ACB03F /* SignupAnywhereDB.m */; };
		ED3B255A17175EB90051D46E /* BackupStoryboard.storyboard in Resources */ = {isa = PBXBuildFile; fileRef = ED3B255817175EB90051D46E /* BackupStoryboard.storyboard */; };
		EDE01D3516DED199001743AF /* TradeShowAgentHomeViewController.m in Sources */ = {isa = PBXBuildFile; fileRef = EDE01D3416DED199001743AF /* TradeShowAgentHomeViewController.m */; };
		EDE65E3516FA530C00E06273 /* AuthenticationVC.m in Sources */ = {isa = PBXBuildFile; fileRef = EDE65E3416FA530C00E06273 /* AuthenticationVC.m */; };
		EDFE06FC16CC2CE200EED6D6 /* UIKit.framework in Frameworks */ = {isa = PBXBuildFile; fileRef = EDFE06FB16CC2CE200EED6D6 /* UIKit.framework */; };
		EDFE06FE16CC2CE200EED6D6 /* Foundation.framework in Frameworks */ = {isa = PBXBuildFile; fileRef = EDFE06FD16CC2CE200EED6D6 /* Foundation.framework */; };
		EDFE070016CC2CE200EED6D6 /* CoreGraphics.framework in Frameworks */ = {isa = PBXBuildFile; fileRef = EDFE06FF16CC2CE200EED6D6 /* CoreGraphics.framework */; };
		EDFE070616CC2CE200EED6D6 /* InfoPlist.strings in Resources */ = {isa = PBXBuildFile; fileRef = EDFE070416CC2CE200EED6D6 /* InfoPlist.strings */; };
		EDFE070816CC2CE200EED6D6 /* main.m in Sources */ = {isa = PBXBuildFile; fileRef = EDFE070716CC2CE200EED6D6 /* main.m */; };
		EDFE070C16CC2CE200EED6D6 /* AppDelegate.m in Sources */ = {isa = PBXBuildFile; fileRef = EDFE070B16CC2CE200EED6D6 /* AppDelegate.m */; };
		EDFE070E16CC2CE200EED6D6 /* Default.png in Resources */ = {isa = PBXBuildFile; fileRef = EDFE070D16CC2CE200EED6D6 /* Default.png */; };
		EDFE071016CC2CE200EED6D6 /* Default@2x.png in Resources */ = {isa = PBXBuildFile; fileRef = EDFE070F16CC2CE200EED6D6 /* Default@2x.png */; };
		EDFE071216CC2CE200EED6D6 /* Default-568h@2x.png in Resources */ = {isa = PBXBuildFile; fileRef = EDFE071116CC2CE200EED6D6 /* Default-568h@2x.png */; };
		EDFE072A16CC2D7900EED6D6 /* FinishPage.m in Sources */ = {isa = PBXBuildFile; fileRef = EDFE071F16CC2D7900EED6D6 /* FinishPage.m */; };
		EDFE072B16CC2D7900EED6D6 /* FirstBusPage.m in Sources */ = {isa = PBXBuildFile; fileRef = EDFE072116CC2D7900EED6D6 /* FirstBusPage.m */; };
		EDFE072C16CC2D7900EED6D6 /* FirstIndivPage.m in Sources */ = {isa = PBXBuildFile; fileRef = EDFE072316CC2D7900EED6D6 /* FirstIndivPage.m */; };
		EDFE072D16CC2D7900EED6D6 /* FirstPage.m in Sources */ = {isa = PBXBuildFile; fileRef = EDFE072516CC2D7900EED6D6 /* FirstPage.m */; };
		EDFE072E16CC2D7900EED6D6 /* SecBusPage.m in Sources */ = {isa = PBXBuildFile; fileRef = EDFE072716CC2D7900EED6D6 /* SecBusPage.m */; };
		EDFE072F16CC2D7900EED6D6 /* ViewController.m in Sources */ = {isa = PBXBuildFile; fileRef = EDFE072916CC2D7900EED6D6 /* ViewController.m */; };
		EDFE073216CC2DB400EED6D6 /* MainStoryboard.storyboard in Resources */ = {isa = PBXBuildFile; fileRef = EDFE073016CC2DB400EED6D6 /* MainStoryboard.storyboard */; };
/* End PBXBuildFile section */

/* Begin PBXFileReference section */
		1402E9D516E675590088CFD7 /* BusinessButton.PNG */ = {isa = PBXFileReference; lastKnownFileType = image.png; path = BusinessButton.PNG; sourceTree = "<group>"; };
		1402E9D616E675590088CFD7 /* BusinessButtonGray.PNG */ = {isa = PBXFileReference; lastKnownFileType = image.png; path = BusinessButtonGray.PNG; sourceTree = "<group>"; };
		1402E9D716E675590088CFD7 /* CardReader.PNG */ = {isa = PBXFileReference; lastKnownFileType = image.png; path = CardReader.PNG; sourceTree = "<group>"; };
		1402E9D816E675590088CFD7 /* CreateAccountButton.png */ = {isa = PBXFileReference; lastKnownFileType = image.png; path = CreateAccountButton.png; sourceTree = "<group>"; };
		1402E9D916E675590088CFD7 /* IndivButton.PNG */ = {isa = PBXFileReference; lastKnownFileType = image.png; path = IndivButton.PNG; sourceTree = "<group>"; };
		1402E9DA16E675590088CFD7 /* IndivButtonGray.PNG */ = {isa = PBXFileReference; lastKnownFileType = image.png; path = IndivButtonGray.PNG; sourceTree = "<group>"; };
		1402E9DB16E675590088CFD7 /* NABicon.png */ = {isa = PBXFileReference; lastKnownFileType = image.png; path = NABicon.png; sourceTree = "<group>"; };
		1402E9DC16E675590088CFD7 /* NABiconCompact.png */ = {isa = PBXFileReference; lastKnownFileType = image.png; path = NABiconCompact.png; sourceTree = "<group>"; };
		1402E9DD16E675590088CFD7 /* PAandLogo.png */ = {isa = PBXFileReference; lastKnownFileType = image.png; path = PAandLogo.png; sourceTree = "<group>"; };
		140798F716F007BE009AF305 /* BusinessSelected.png */ = {isa = PBXFileReference; lastKnownFileType = image.png; path = BusinessSelected.png; sourceTree = "<group>"; };
		140798F816F007BE009AF305 /* IndivSelected.png */ = {isa = PBXFileReference; lastKnownFileType = image.png; path = IndivSelected.png; sourceTree = "<group>"; };
		147721B516F249300015677E /* FinishButton.png */ = {isa = PBXFileReference; lastKnownFileType = image.png; name = FinishButton.png; path = ../FinishButton.png; sourceTree = "<group>"; };
		14B47A7D16F111ED00197699 /* TradeShow.h */ = {isa = PBXFileReference; fileEncoding = 4; lastKnownFileType = sourcecode.c.h; name = TradeShow.h; path = Classes/TradeShow.h; sourceTree = "<group>"; };
		14B47A7E16F111ED00197699 /* TradeShow.m */ = {isa = PBXFileReference; fileEncoding = 4; lastKnownFileType = sourcecode.c.objc; name = TradeShow.m; path = Classes/TradeShow.m; sourceTree = "<group>"; };
		14B47A8416F1129B00197699 /* Application.h */ = {isa = PBXFileReference; fileEncoding = 4; lastKnownFileType = sourcecode.c.h; name = Application.h; path = Classes/Application.h; sourceTree = "<group>"; };
		14B47A8516F1129B00197699 /* Application.m */ = {isa = PBXFileReference; fileEncoding = 4; lastKnownFileType = sourcecode.c.objc; name = Application.m; path = Classes/Application.m; sourceTree = "<group>"; };
		14B6741816FA63380064F755 /* checkboxSelected.png */ = {isa = PBXFileReference; lastKnownFileType = image.png; name = checkboxSelected.png; path = ../checkboxSelected.png; sourceTree = "<group>"; };
		14B6741916FA63380064F755 /* checkboxUnselected.png */ = {isa = PBXFileReference; lastKnownFileType = image.png; name = checkboxUnselected.png; path = ../checkboxUnselected.png; sourceTree = "<group>"; };
		14BFE8111710A784005AFCA3 /* BankPageViewController.h */ = {isa = PBXFileReference; fileEncoding = 4; lastKnownFileType = sourcecode.c.h; path = BankPageViewController.h; sourceTree = "<group>"; };
		14BFE8121710A784005AFCA3 /* BankPageViewController.m */ = {isa = PBXFileReference; fileEncoding = 4; lastKnownFileType = sourcecode.c.objc; path = BankPageViewController.m; sourceTree = "<group>"; };
		14E66B4F17020FD100D1FE66 /* FunctionsClass.h */ = {isa = PBXFileReference; fileEncoding = 4; lastKnownFileType = sourcecode.c.h; name = FunctionsClass.h; path = Classes/FunctionsClass.h; sourceTree = "<group>"; };
		14E66B5017020FD100D1FE66 /* FunctionsClass.m */ = {isa = PBXFileReference; fileEncoding = 4; lastKnownFileType = sourcecode.c.objc; name = FunctionsClass.m; path = Classes/FunctionsClass.m; sourceTree = "<group>"; };
		14ECA6A116F1412C009EEEF1 /* IndivButtonSelected2.png */ = {isa = PBXFileReference; lastKnownFileType = image.png; name = IndivButtonSelected2.png; path = ../IndivButtonSelected2.png; sourceTree = "<group>"; };
		14ECA6A216F1412C009EEEF1 /* IndivButtonUnselected2.png */ = {isa = PBXFileReference; lastKnownFileType = image.png; name = IndivButtonUnselected2.png; path = ../IndivButtonUnselected2.png; sourceTree = "<group>"; };
		14ECA6A716F14509009EEEF1 /* BusinessButtonSelected2.png */ = {isa = PBXFileReference; lastKnownFileType = image.png; name = BusinessButtonSelected2.png; path = "../../Buttons-Pictures/BusinessButtonSelected2.png"; sourceTree = "<group>"; };
		14ECA6A816F14509009EEEF1 /* BusinessButtonUnselected2.png */ = {isa = PBXFileReference; lastKnownFileType = image.png; name = BusinessButtonUnselected2.png; path = "../../Buttons-Pictures/BusinessButtonUnselected2.png"; sourceTree = "<group>"; };
		B26428CE17F7738B00E0A0E8 /* CoreData.framework */ = {isa = PBXFileReference; lastKnownFileType = wrapper.framework; name = CoreData.framework; path = System/Library/Frameworks/CoreData.framework; sourceTree = SDKROOT; };
		B287E28617F1EAFC0001C929 /* PayAnywhereModel.xcdatamodel */ = {isa = PBXFileReference; lastKnownFileType = wrapper.xcdatamodel; path = PayAnywhereModel.xcdatamodel; sourceTree = "<group>"; };
		B287E28917F1F7B90001C929 /* Database.h */ = {isa = PBXFileReference; fileEncoding = 4; lastKnownFileType = sourcecode.c.h; path = Database.h; sourceTree = "<group>"; };
		B287E28A17F1F7B90001C929 /* Database.m */ = {isa = PBXFileReference; fileEncoding = 4; lastKnownFileType = sourcecode.c.objc; path = Database.m; sourceTree = "<group>"; };
		B287E29517F210E90001C929 /* Form.h */ = {isa = PBXFileReference; fileEncoding = 4; lastKnownFileType = sourcecode.c.h; path = Form.h; sourceTree = "<group>"; };
		B287E29617F210E90001C929 /* Form.m */ = {isa = PBXFileReference; fileEncoding = 4; lastKnownFileType = sourcecode.c.objc; path = Form.m; sourceTree = "<group>"; };
		B287E29817F210E90001C929 /* Agent.h */ = {isa = PBXFileReference; fileEncoding = 4; lastKnownFileType = sourcecode.c.h; path = Agent.h; sourceTree = "<group>"; };
		B287E29917F210E90001C929 /* Agent.m */ = {isa = PBXFileReference; fileEncoding = 4; lastKnownFileType = sourcecode.c.objc; path = Agent.m; sourceTree = "<group>"; };
		B287E29B17F210E90001C929 /* MarketSource.h */ = {isa = PBXFileReference; fileEncoding = 4; lastKnownFileType = sourcecode.c.h; path = MarketSource.h; sourceTree = "<group>"; };
		B287E29C17F210E90001C929 /* MarketSource.m */ = {isa = PBXFileReference; fileEncoding = 4; lastKnownFileType = sourcecode.c.objc; path = MarketSource.m; sourceTree = "<group>"; };
		B287E29E17F213BA0001C929 /* Form+ApplicationDictionary.h */ = {isa = PBXFileReference; fileEncoding = 4; lastKnownFileType = sourcecode.c.h; path = "Form+ApplicationDictionary.h"; sourceTree = "<group>"; };
		B287E29F17F213BA0001C929 /* Form+ApplicationDictionary.m */ = {isa = PBXFileReference; fileEncoding = 4; lastKnownFileType = sourcecode.c.objc; path = "Form+ApplicationDictionary.m"; sourceTree = "<group>"; };
		BA11634C1704FA8800C3B163 /* SplitViewController.h */ = {isa = PBXFileReference; fileEncoding = 4; lastKnownFileType = sourcecode.c.h; path = SplitViewController.h; sourceTree = "<group>"; };
		BA11634D1704FA8800C3B163 /* SplitViewController.m */ = {isa = PBXFileReference; fileEncoding = 4; lastKnownFileType = sourcecode.c.objc; path = SplitViewController.m; sourceTree = "<group>"; };
		BA148A4B16F5123900DA78B7 /* birthdayViewController.h */ = {isa = PBXFileReference; fileEncoding = 4; lastKnownFileType = sourcecode.c.h; path = birthdayViewController.h; sourceTree = "<group>"; };
		BA148A4C16F5123900DA78B7 /* birthdayViewController.m */ = {isa = PBXFileReference; fileEncoding = 4; lastKnownFileType = sourcecode.c.objc; path = birthdayViewController.m; sourceTree = "<group>"; };
		BA5DB68416F67A8600305C04 /* radio_checked.png */ = {isa = PBXFileReference; lastKnownFileType = image.png; path = radio_checked.png; sourceTree = "<group>"; };
		BA5DB68516F67A8600305C04 /* radio_uncheck.png */ = {isa = PBXFileReference; lastKnownFileType = image.png; path = radio_uncheck.png; sourceTree = "<group>"; };
		BAB699F71703BB8100393D36 /* AnotherTypePickerViewController.h */ = {isa = PBXFileReference; fileEncoding = 4; lastKnownFileType = sourcecode.c.h; path = AnotherTypePickerViewController.h; sourceTree = "<group>"; };
		BAB699F81703BB8100393D36 /* AnotherTypePickerViewController.m */ = {isa = PBXFileReference; fileEncoding = 4; lastKnownFileType = sourcecode.c.objc; path = AnotherTypePickerViewController.m; sourceTree = "<group>"; };
		BAB699FA1703D38600393D36 /* MonthlySalesViewController.h */ = {isa = PBXFileReference; fileEncoding = 4; lastKnownFileType = sourcecode.c.h; path = MonthlySalesViewController.h; sourceTree = "<group>"; };
		BAB699FB1703D38600393D36 /* MonthlySalesViewController.m */ = {isa = PBXFileReference; fileEncoding = 4; lastKnownFileType = sourcecode.c.objc; path = MonthlySalesViewController.m; sourceTree = "<group>"; };
		BAB699FD1703D59600393D36 /* TypePickerViewController.h */ = {isa = PBXFileReference; fileEncoding = 4; lastKnownFileType = sourcecode.c.h; path = TypePickerViewController.h; sourceTree = "<group>"; };
		BAB699FE1703D59600393D36 /* TypePickerViewController.m */ = {isa = PBXFileReference; fileEncoding = 4; lastKnownFileType = sourcecode.c.objc; path = TypePickerViewController.m; sourceTree = "<group>"; };
		BAB69A001703DD7400393D36 /* HighestSalesViewController.h */ = {isa = PBXFileReference; fileEncoding = 4; lastKnownFileType = sourcecode.c.h; path = HighestSalesViewController.h; sourceTree = "<group>"; };
		BAB69A011703DD7500393D36 /* HighestSalesViewController.m */ = {isa = PBXFileReference; fileEncoding = 4; lastKnownFileType = sourcecode.c.objc; path = HighestSalesViewController.m; sourceTree = "<group>"; };
		BAB69A031703E29C00393D36 /* BusTimeViewController.h */ = {isa = PBXFileReference; fileEncoding = 4; lastKnownFileType = sourcecode.c.h; path = BusTimeViewController.h; sourceTree = "<group>"; };
		BAB69A041703E29C00393D36 /* BusTimeViewController.m */ = {isa = PBXFileReference; fileEncoding = 4; lastKnownFileType = sourcecode.c.objc; path = BusTimeViewController.m; sourceTree = "<group>"; };
		BABA2F2F16F653AC001570EE /* birthdayViewControllerIndiv.h */ = {isa = PBXFileReference; fileEncoding = 4; lastKnownFileType = sourcecode.c.h; path = birthdayViewControllerIndiv.h; sourceTree = "<group>"; };
		BABA2F3016F653AC001570EE /* birthdayViewControllerIndiv.m */ = {isa = PBXFileReference; fileEncoding = 4; lastKnownFileType = sourcecode.c.objc; path = birthdayViewControllerIndiv.m; sourceTree = "<group>"; };
		ED22B7EC1704E91B00ACB03F /* SignupAnywhereDB.h */ = {isa = PBXFileReference; fileEncoding = 4; lastKnownFileType = sourcecode.c.h; path = SignupAnywhereDB.h; sourceTree = "<group>"; };
		ED22B7ED1704E91B00ACB03F /* SignupAnywhereDB.m */ = {isa = PBXFileReference; fileEncoding = 4; lastKnownFileType = sourcecode.c.objc; path = SignupAnywhereDB.m; sourceTree = "<group>"; };
		ED3B255917175EB90051D46E /* en */ = {isa = PBXFileReference; lastKnownFileType = file.storyboard; name = en; path = PayAnywhere/en.lproj/BackupStoryboard.storyboard; sourceTree = "<group>"; };
		EDE01D3316DED199001743AF /* TradeShowAgentHomeViewController.h */ = {isa = PBXFileReference; fileEncoding = 4; lastKnownFileType = sourcecode.c.h; path = TradeShowAgentHomeViewController.h; sourceTree = "<group>"; };
		EDE01D3416DED199001743AF /* TradeShowAgentHomeViewController.m */ = {isa = PBXFileReference; fileEncoding = 4; lastKnownFileType = sourcecode.c.objc; path = TradeShowAgentHomeViewController.m; sourceTree = "<group>"; };
		EDE65E3316FA530C00E06273 /* AuthenticationVC.h */ = {isa = PBXFileReference; fileEncoding = 4; lastKnownFileType = sourcecode.c.h; path = AuthenticationVC.h; sourceTree = "<group>"; };
		EDE65E3416FA530C00E06273 /* AuthenticationVC.m */ = {isa = PBXFileReference; fileEncoding = 4; lastKnownFileType = sourcecode.c.objc; path = AuthenticationVC.m; sourceTree = "<group>"; };
		EDFE06F816CC2CE200EED6D6 /* PayAnywhere.app */ = {isa = PBXFileReference; explicitFileType = wrapper.application; includeInIndex = 0; path = PayAnywhere.app; sourceTree = BUILT_PRODUCTS_DIR; };
		EDFE06FB16CC2CE200EED6D6 /* UIKit.framework */ = {isa = PBXFileReference; lastKnownFileType = wrapper.framework; name = UIKit.framework; path = System/Library/Frameworks/UIKit.framework; sourceTree = SDKROOT; };
		EDFE06FD16CC2CE200EED6D6 /* Foundation.framework */ = {isa = PBXFileReference; lastKnownFileType = wrapper.framework; name = Foundation.framework; path = System/Library/Frameworks/Foundation.framework; sourceTree = SDKROOT; };
		EDFE06FF16CC2CE200EED6D6 /* CoreGraphics.framework */ = {isa = PBXFileReference; lastKnownFileType = wrapper.framework; name = CoreGraphics.framework; path = System/Library/Frameworks/CoreGraphics.framework; sourceTree = SDKROOT; };
		EDFE070316CC2CE200EED6D6 /* PayAnywhere-Info.plist */ = {isa = PBXFileReference; lastKnownFileType = text.plist.xml; path = "PayAnywhere-Info.plist"; sourceTree = "<group>"; };
		EDFE070516CC2CE200EED6D6 /* en */ = {isa = PBXFileReference; lastKnownFileType = text.plist.strings; name = en; path = en.lproj/InfoPlist.strings; sourceTree = "<group>"; };
		EDFE070716CC2CE200EED6D6 /* main.m */ = {isa = PBXFileReference; lastKnownFileType = sourcecode.c.objc; path = main.m; sourceTree = "<group>"; };
		EDFE070916CC2CE200EED6D6 /* PayAnywhere-Prefix.pch */ = {isa = PBXFileReference; lastKnownFileType = sourcecode.c.h; path = "PayAnywhere-Prefix.pch"; sourceTree = "<group>"; };
		EDFE070A16CC2CE200EED6D6 /* AppDelegate.h */ = {isa = PBXFileReference; lastKnownFileType = sourcecode.c.h; path = AppDelegate.h; sourceTree = "<group>"; };
		EDFE070B16CC2CE200EED6D6 /* AppDelegate.m */ = {isa = PBXFileReference; lastKnownFileType = sourcecode.c.objc; path = AppDelegate.m; sourceTree = "<group>"; };
		EDFE070D16CC2CE200EED6D6 /* Default.png */ = {isa = PBXFileReference; lastKnownFileType = image.png; path = Default.png; sourceTree = "<group>"; };
		EDFE070F16CC2CE200EED6D6 /* Default@2x.png */ = {isa = PBXFileReference; lastKnownFileType = image.png; path = "Default@2x.png"; sourceTree = "<group>"; };
		EDFE071116CC2CE200EED6D6 /* Default-568h@2x.png */ = {isa = PBXFileReference; lastKnownFileType = image.png; path = "Default-568h@2x.png"; sourceTree = "<group>"; };
		EDFE071E16CC2D7900EED6D6 /* FinishPage.h */ = {isa = PBXFileReference; fileEncoding = 4; lastKnownFileType = sourcecode.c.h; path = FinishPage.h; sourceTree = "<group>"; };
		EDFE071F16CC2D7900EED6D6 /* FinishPage.m */ = {isa = PBXFileReference; fileEncoding = 4; lastKnownFileType = sourcecode.c.objc; path = FinishPage.m; sourceTree = "<group>"; };
		EDFE072016CC2D7900EED6D6 /* FirstBusPage.h */ = {isa = PBXFileReference; fileEncoding = 4; lastKnownFileType = sourcecode.c.h; path = FirstBusPage.h; sourceTree = "<group>"; };
		EDFE072116CC2D7900EED6D6 /* FirstBusPage.m */ = {isa = PBXFileReference; fileEncoding = 4; lastKnownFileType = sourcecode.c.objc; path = FirstBusPage.m; sourceTree = "<group>"; };
		EDFE072216CC2D7900EED6D6 /* FirstIndivPage.h */ = {isa = PBXFileReference; fileEncoding = 4; lastKnownFileType = sourcecode.c.h; path = FirstIndivPage.h; sourceTree = "<group>"; };
		EDFE072316CC2D7900EED6D6 /* FirstIndivPage.m */ = {isa = PBXFileReference; fileEncoding = 4; lastKnownFileType = sourcecode.c.objc; path = FirstIndivPage.m; sourceTree = "<group>"; };
		EDFE072416CC2D7900EED6D6 /* FirstPage.h */ = {isa = PBXFileReference; fileEncoding = 4; lastKnownFileType = sourcecode.c.h; path = FirstPage.h; sourceTree = "<group>"; };
		EDFE072516CC2D7900EED6D6 /* FirstPage.m */ = {isa = PBXFileReference; fileEncoding = 4; lastKnownFileType = sourcecode.c.objc; path = FirstPage.m; sourceTree = "<group>"; };
		EDFE072616CC2D7900EED6D6 /* SecBusPage.h */ = {isa = PBXFileReference; fileEncoding = 4; lastKnownFileType = sourcecode.c.h; path = SecBusPage.h; sourceTree = "<group>"; };
		EDFE072716CC2D7900EED6D6 /* SecBusPage.m */ = {isa = PBXFileReference; fileEncoding = 4; lastKnownFileType = sourcecode.c.objc; path = SecBusPage.m; sourceTree = "<group>"; };
		EDFE072816CC2D7900EED6D6 /* ViewController.h */ = {isa = PBXFileReference; fileEncoding = 4; lastKnownFileType = sourcecode.c.h; path = ViewController.h; sourceTree = "<group>"; };
		EDFE072916CC2D7900EED6D6 /* ViewController.m */ = {isa = PBXFileReference; fileEncoding = 4; lastKnownFileType = sourcecode.c.objc; path = ViewController.m; sourceTree = "<group>"; };
		EDFE073116CC2DB400EED6D6 /* en */ = {isa = PBXFileReference; lastKnownFileType = file.storyboard; name = en; path = en.lproj/MainStoryboard.storyboard; sourceTree = "<group>"; };
/* End PBXFileReference section */

/* Begin PBXFrameworksBuildPhase section */
		EDFE06F516CC2CE200EED6D6 /* Frameworks */ = {
			isa = PBXFrameworksBuildPhase;
			buildActionMask = 2147483647;
			files = (
				B26428CF17F7738B00E0A0E8 /* CoreData.framework in Frameworks */,
				EDFE06FC16CC2CE200EED6D6 /* UIKit.framework in Frameworks */,
				EDFE06FE16CC2CE200EED6D6 /* Foundation.framework in Frameworks */,
				EDFE070016CC2CE200EED6D6 /* CoreGraphics.framework in Frameworks */,
			);
			runOnlyForDeploymentPostprocessing = 0;
		};
/* End PBXFrameworksBuildPhase section */

/* Begin PBXGroup section */
		1402E9D416E675590088CFD7 /* Buttons-Pictures */ = {
			isa = PBXGroup;
			children = (
				14B6741816FA63380064F755 /* checkboxSelected.png */,
				14B6741916FA63380064F755 /* checkboxUnselected.png */,
				BA5DB68416F67A8600305C04 /* radio_checked.png */,
				BA5DB68516F67A8600305C04 /* radio_uncheck.png */,
				147721B516F249300015677E /* FinishButton.png */,
				14ECA6A716F14509009EEEF1 /* BusinessButtonSelected2.png */,
				14ECA6A816F14509009EEEF1 /* BusinessButtonUnselected2.png */,
				14ECA6A116F1412C009EEEF1 /* IndivButtonSelected2.png */,
				14ECA6A216F1412C009EEEF1 /* IndivButtonUnselected2.png */,
				140798F716F007BE009AF305 /* BusinessSelected.png */,
				140798F816F007BE009AF305 /* IndivSelected.png */,
				1402E9D516E675590088CFD7 /* BusinessButton.PNG */,
				1402E9D616E675590088CFD7 /* BusinessButtonGray.PNG */,
				1402E9D716E675590088CFD7 /* CardReader.PNG */,
				1402E9D816E675590088CFD7 /* CreateAccountButton.png */,
				1402E9D916E675590088CFD7 /* IndivButton.PNG */,
				1402E9DA16E675590088CFD7 /* IndivButtonGray.PNG */,
				1402E9DB16E675590088CFD7 /* NABicon.png */,
				1402E9DC16E675590088CFD7 /* NABiconCompact.png */,
				1402E9DD16E675590088CFD7 /* PAandLogo.png */,
			);
			path = "Buttons-Pictures";
			sourceTree = "<group>";
		};
		14B47A8016F1125200197699 /* Classes */ = {
			isa = PBXGroup;
			children = (
				14B47A7D16F111ED00197699 /* TradeShow.h */,
				14B47A7E16F111ED00197699 /* TradeShow.m */,
				14B47A8416F1129B00197699 /* Application.h */,
				14B47A8516F1129B00197699 /* Application.m */,
				14E66B4F17020FD100D1FE66 /* FunctionsClass.h */,
				14E66B5017020FD100D1FE66 /* FunctionsClass.m */,
				ED22B7EC1704E91B00ACB03F /* SignupAnywhereDB.h */,
				ED22B7ED1704E91B00ACB03F /* SignupAnywhereDB.m */,
			);
			name = Classes;
			sourceTree = "<group>";
		};
		B287E28817F1F7450001C929 /* Model */ = {
			isa = PBXGroup;
			children = (
				B287E28517F1EAFC0001C929 /* PayAnywhereModel.xcdatamodeld */,
				B287E29B17F210E90001C929 /* MarketSource.h */,
				B287E29C17F210E90001C929 /* MarketSource.m */,
				B287E29817F210E90001C929 /* Agent.h */,
				B287E29917F210E90001C929 /* Agent.m */,
				B287E29517F210E90001C929 /* Form.h */,
				B287E29617F210E90001C929 /* Form.m */,
				B287E28917F1F7B90001C929 /* Database.h */,
				B287E28A17F1F7B90001C929 /* Database.m */,
				B287E29E17F213BA0001C929 /* Form+ApplicationDictionary.h */,
				B287E29F17F213BA0001C929 /* Form+ApplicationDictionary.m */,
			);
			name = Model;
			sourceTree = "<group>";
		};
		BABA2F3216F65905001570EE /* Pickers */ = {
			isa = PBXGroup;
			children = (
				BAB69A031703E29C00393D36 /* BusTimeViewController.h */,
				BAB69A041703E29C00393D36 /* BusTimeViewController.m */,
				BAB69A001703DD7400393D36 /* HighestSalesViewController.h */,
				BAB69A011703DD7500393D36 /* HighestSalesViewController.m */,
				BAB699FA1703D38600393D36 /* MonthlySalesViewController.h */,
				BAB699FB1703D38600393D36 /* MonthlySalesViewController.m */,
				BAB699FD1703D59600393D36 /* TypePickerViewController.h */,
				BAB699FE1703D59600393D36 /* TypePickerViewController.m */,
				BAB699F71703BB8100393D36 /* AnotherTypePickerViewController.h */,
				BAB699F81703BB8100393D36 /* AnotherTypePickerViewController.m */,
				BABA2F2F16F653AC001570EE /* birthdayViewControllerIndiv.h */,
				BABA2F3016F653AC001570EE /* birthdayViewControllerIndiv.m */,
				BA148A4B16F5123900DA78B7 /* birthdayViewController.h */,
				BA148A4C16F5123900DA78B7 /* birthdayViewController.m */,
			);
			name = Pickers;
			sourceTree = "<group>";
		};
		BABA2F3316F6593D001570EE /* Main View Controllers */ = {
			isa = PBXGroup;
			children = (
				BA11634C1704FA8800C3B163 /* SplitViewController.h */,
				BA11634D1704FA8800C3B163 /* SplitViewController.m */,
				EDE01D3316DED199001743AF /* TradeShowAgentHomeViewController.h */,
				14BFE8111710A784005AFCA3 /* BankPageViewController.h */,
				14BFE8121710A784005AFCA3 /* BankPageViewController.m */,
				EDE01D3416DED199001743AF /* TradeShowAgentHomeViewController.m */,
				EDFE072816CC2D7900EED6D6 /* ViewController.h */,
				EDFE072916CC2D7900EED6D6 /* ViewController.m */,
				EDFE071E16CC2D7900EED6D6 /* FinishPage.h */,
				EDFE071F16CC2D7900EED6D6 /* FinishPage.m */,
				EDFE072016CC2D7900EED6D6 /* FirstBusPage.h */,
				EDFE072116CC2D7900EED6D6 /* FirstBusPage.m */,
				EDFE072216CC2D7900EED6D6 /* FirstIndivPage.h */,
				EDFE072316CC2D7900EED6D6 /* FirstIndivPage.m */,
				EDFE072416CC2D7900EED6D6 /* FirstPage.h */,
				EDFE072516CC2D7900EED6D6 /* FirstPage.m */,
				EDFE072616CC2D7900EED6D6 /* SecBusPage.h */,
				EDFE072716CC2D7900EED6D6 /* SecBusPage.m */,
				EDE65E3316FA530C00E06273 /* AuthenticationVC.h */,
				EDE65E3416FA530C00E06273 /* AuthenticationVC.m */,
			);
			name = "Main View Controllers";
			sourceTree = "<group>";
		};
		EDFE06EF16CC2CE200EED6D6 = {
			isa = PBXGroup;
			children = (
				ED3B255817175EB90051D46E /* BackupStoryboard.storyboard */,
				EDFE070116CC2CE200EED6D6 /* PayAnywhere */,
				EDFE06FA16CC2CE200EED6D6 /* Frameworks */,
				EDFE06F916CC2CE200EED6D6 /* Products */,
			);
			sourceTree = "<group>";
		};
		EDFE06F916CC2CE200EED6D6 /* Products */ = {
			isa = PBXGroup;
			children = (
				EDFE06F816CC2CE200EED6D6 /* PayAnywhere.app */,
			);
			name = Products;
			sourceTree = "<group>";
		};
		EDFE06FA16CC2CE200EED6D6 /* Frameworks */ = {
			isa = PBXGroup;
			children = (
				B26428CE17F7738B00E0A0E8 /* CoreData.framework */,
				EDFE06FB16CC2CE200EED6D6 /* UIKit.framework */,
				EDFE06FD16CC2CE200EED6D6 /* Foundation.framework */,
				EDFE06FF16CC2CE200EED6D6 /* CoreGraphics.framework */,
			);
			name = Frameworks;
			sourceTree = "<group>";
		};
		EDFE070116CC2CE200EED6D6 /* PayAnywhere */ = {
			isa = PBXGroup;
			children = (
				B287E28817F1F7450001C929 /* Model */,
				BABA2F3316F6593D001570EE /* Main View Controllers */,
				BABA2F3216F65905001570EE /* Pickers */,
				14B47A8016F1125200197699 /* Classes */,
				EDFE073016CC2DB400EED6D6 /* MainStoryboard.storyboard */,
				EDFE070A16CC2CE200EED6D6 /* AppDelegate.h */,
				EDFE070B16CC2CE200EED6D6 /* AppDelegate.m */,
				EDFE070216CC2CE200EED6D6 /* Supporting Files */,
			);
			path = PayAnywhere;
			sourceTree = "<group>";
		};
		EDFE070216CC2CE200EED6D6 /* Supporting Files */ = {
			isa = PBXGroup;
			children = (
				1402E9D416E675590088CFD7 /* Buttons-Pictures */,
				EDFE070316CC2CE200EED6D6 /* PayAnywhere-Info.plist */,
				EDFE070416CC2CE200EED6D6 /* InfoPlist.strings */,
				EDFE070716CC2CE200EED6D6 /* main.m */,
				EDFE070916CC2CE200EED6D6 /* PayAnywhere-Prefix.pch */,
				EDFE070D16CC2CE200EED6D6 /* Default.png */,
				EDFE070F16CC2CE200EED6D6 /* Default@2x.png */,
				EDFE071116CC2CE200EED6D6 /* Default-568h@2x.png */,
			);
			name = "Supporting Files";
			sourceTree = "<group>";
		};
/* End PBXGroup section */

/* Begin PBXNativeTarget section */
		EDFE06F716CC2CE200EED6D6 /* PayAnywhere */ = {
			isa = PBXNativeTarget;
			buildConfigurationList = EDFE071B16CC2CE200EED6D6 /* Build configuration list for PBXNativeTarget "PayAnywhere" */;
			buildPhases = (
				EDFE06F416CC2CE200EED6D6 /* Sources */,
				EDFE06F516CC2CE200EED6D6 /* Frameworks */,
				EDFE06F616CC2CE200EED6D6 /* Resources */,
			);
			buildRules = (
			);
			dependencies = (
			);
			name = PayAnywhere;
			productName = PayAnywhere;
			productReference = EDFE06F816CC2CE200EED6D6 /* PayAnywhere.app */;
			productType = "com.apple.product-type.application";
		};
/* End PBXNativeTarget section */

/* Begin PBXProject section */
		EDFE06F016CC2CE200EED6D6 /* Project object */ = {
			isa = PBXProject;
			attributes = {
				LastUpgradeCheck = 0460;
				ORGANIZATIONNAME = NAB;
			};
			buildConfigurationList = EDFE06F316CC2CE200EED6D6 /* Build configuration list for PBXProject "PayAnywhere" */;
			compatibilityVersion = "Xcode 3.2";
			developmentRegion = English;
			hasScannedForEncodings = 0;
			knownRegions = (
				en,
			);
			mainGroup = EDFE06EF16CC2CE200EED6D6;
			productRefGroup = EDFE06F916CC2CE200EED6D6 /* Products */;
			projectDirPath = "";
			projectRoot = "";
			targets = (
				EDFE06F716CC2CE200EED6D6 /* PayAnywhere */,
			);
		};
/* End PBXProject section */

/* Begin PBXResourcesBuildPhase section */
		EDFE06F616CC2CE200EED6D6 /* Resources */ = {
			isa = PBXResourcesBuildPhase;
			buildActionMask = 2147483647;
			files = (
				EDFE070616CC2CE200EED6D6 /* InfoPlist.strings in Resources */,
				EDFE070E16CC2CE200EED6D6 /* Default.png in Resources */,
				EDFE071016CC2CE200EED6D6 /* Default@2x.png in Resources */,
				EDFE071216CC2CE200EED6D6 /* Default-568h@2x.png in Resources */,
				EDFE073216CC2DB400EED6D6 /* MainStoryboard.storyboard in Resources */,
				1402E9DE16E675590088CFD7 /* BusinessButton.PNG in Resources */,
				1402E9DF16E675590088CFD7 /* BusinessButtonGray.PNG in Resources */,
				1402E9E016E675590088CFD7 /* CardReader.PNG in Resources */,
				1402E9E116E675590088CFD7 /* CreateAccountButton.png in Resources */,
				1402E9E216E675590088CFD7 /* IndivButton.PNG in Resources */,
				1402E9E316E675590088CFD7 /* IndivButtonGray.PNG in Resources */,
				1402E9E416E675590088CFD7 /* NABicon.png in Resources */,
				1402E9E516E675590088CFD7 /* NABiconCompact.png in Resources */,
				1402E9E616E675590088CFD7 /* PAandLogo.png in Resources */,
				140798F916F007BE009AF305 /* BusinessSelected.png in Resources */,
				140798FA16F007BE009AF305 /* IndivSelected.png in Resources */,
				14ECA6A516F1412C009EEEF1 /* IndivButtonSelected2.png in Resources */,
				14ECA6A616F1412C009EEEF1 /* IndivButtonUnselected2.png in Resources */,
				14ECA6A916F14509009EEEF1 /* BusinessButtonSelected2.png in Resources */,
				14ECA6AA16F14509009EEEF1 /* BusinessButtonUnselected2.png in Resources */,
				147721B616F249300015677E /* FinishButton.png in Resources */,
				BA5DB68616F67A8600305C04 /* radio_checked.png in Resources */,
				BA5DB68716F67A8600305C04 /* radio_uncheck.png in Resources */,
				14B6741A16FA63380064F755 /* checkboxSelected.png in Resources */,
				14B6741B16FA63380064F755 /* checkboxUnselected.png in Resources */,
				ED3B255A17175EB90051D46E /* BackupStoryboard.storyboard in Resources */,
			);
			runOnlyForDeploymentPostprocessing = 0;
		};
/* End PBXResourcesBuildPhase section */

/* Begin PBXSourcesBuildPhase section */
		EDFE06F416CC2CE200EED6D6 /* Sources */ = {
			isa = PBXSourcesBuildPhase;
			buildActionMask = 2147483647;
			files = (
				EDFE070816CC2CE200EED6D6 /* main.m in Sources */,
				EDFE070C16CC2CE200EED6D6 /* AppDelegate.m in Sources */,
				EDFE072A16CC2D7900EED6D6 /* FinishPage.m in Sources */,
				EDFE072B16CC2D7900EED6D6 /* FirstBusPage.m in Sources */,
				EDFE072C16CC2D7900EED6D6 /* FirstIndivPage.m in Sources */,
				EDFE072D16CC2D7900EED6D6 /* FirstPage.m in Sources */,
				EDFE072E16CC2D7900EED6D6 /* SecBusPage.m in Sources */,
				EDFE072F16CC2D7900EED6D6 /* ViewController.m in Sources */,
				EDE01D3516DED199001743AF /* TradeShowAgentHomeViewController.m in Sources */,
				14B47A7F16F111ED00197699 /* TradeShow.m in Sources */,
				14B47A8616F1129B00197699 /* Application.m in Sources */,
				BA148A4D16F5123900DA78B7 /* birthdayViewController.m in Sources */,
				BABA2F3116F653AC001570EE /* birthdayViewControllerIndiv.m in Sources */,
				EDE65E3516FA530C00E06273 /* AuthenticationVC.m in Sources */,
				14E66B5117020FD100D1FE66 /* FunctionsClass.m in Sources */,
				BAB699F91703BB8100393D36 /* AnotherTypePickerViewController.m in Sources */,
				BAB699FC1703D38600393D36 /* MonthlySalesViewController.m in Sources */,
				BAB699FF1703D59600393D36 /* TypePickerViewController.m in Sources */,
				BAB69A021703DD7500393D36 /* HighestSalesViewController.m in Sources */,
				BAB69A051703E29C00393D36 /* BusTimeViewController.m in Sources */,
				14BFE8131710A784005AFCA3 /* BankPageViewController.m in Sources */,
				ED22B7EE1704E91B00ACB03F /* SignupAnywhereDB.m in Sources */,
				B287E28717F1EAFC0001C929 /* PayAnywhereModel.xcdatamodeld in Sources */,
				B287E28B17F1F7B90001C929 /* Database.m in Sources */,
				B287E29717F210E90001C929 /* Form.m in Sources */,
				B287E29A17F210E90001C929 /* Agent.m in Sources */,
				B287E29D17F210E90001C929 /* MarketSource.m in Sources */,
				B287E2A017F213BA0001C929 /* Form+ApplicationDictionary.m in Sources */,
			);
			runOnlyForDeploymentPostprocessing = 0;
		};
/* End PBXSourcesBuildPhase section */

/* Begin PBXVariantGroup section */
		ED3B255817175EB90051D46E /* BackupStoryboard.storyboard */ = {
			isa = PBXVariantGroup;
			children = (
				ED3B255917175EB90051D46E /* en */,
			);
			name = BackupStoryboard.storyboard;
			sourceTree = "<group>";
		};
		EDFE070416CC2CE200EED6D6 /* InfoPlist.strings */ = {
			isa = PBXVariantGroup;
			children = (
				EDFE070516CC2CE200EED6D6 /* en */,
			);
			name = InfoPlist.strings;
			sourceTree = "<group>";
		};
		EDFE073016CC2DB400EED6D6 /* MainStoryboard.storyboard */ = {
			isa = PBXVariantGroup;
			children = (
				EDFE073116CC2DB400EED6D6 /* en */,
			);
			name = MainStoryboard.storyboard;
			sourceTree = "<group>";
		};
/* End PBXVariantGroup section */

/* Begin XCBuildConfiguration section */
		EDFE071916CC2CE200EED6D6 /* Debug */ = {
			isa = XCBuildConfiguration;
			buildSettings = {
				ALWAYS_SEARCH_USER_PATHS = NO;
				CLANG_CXX_LANGUAGE_STANDARD = "gnu++0x";
				CLANG_CXX_LIBRARY = "libc++";
				CLANG_ENABLE_OBJC_ARC = YES;
				CLANG_WARN_CONSTANT_CONVERSION = YES;
				CLANG_WARN_EMPTY_BODY = YES;
				CLANG_WARN_ENUM_CONVERSION = YES;
				CLANG_WARN_INT_CONVERSION = YES;
				CLANG_WARN__DUPLICATE_METHOD_MATCH = YES;
				"CODE_SIGN_IDENTITY[sdk=iphoneos*]" = "iPhone Developer";
				COPY_PHASE_STRIP = NO;
				GCC_C_LANGUAGE_STANDARD = gnu99;
				GCC_DYNAMIC_NO_PIC = NO;
				GCC_OPTIMIZATION_LEVEL = 0;
				GCC_PREPROCESSOR_DEFINITIONS = (
					"DEBUG=1",
					"$(inherited)",
				);
				GCC_SYMBOLS_PRIVATE_EXTERN = NO;
				GCC_WARN_ABOUT_RETURN_TYPE = YES;
				GCC_WARN_UNINITIALIZED_AUTOS = YES;
				GCC_WARN_UNUSED_VARIABLE = YES;
				IPHONEOS_DEPLOYMENT_TARGET = 6.1;
				ONLY_ACTIVE_ARCH = YES;
				SDKROOT = iphoneos;
				TARGETED_DEVICE_FAMILY = 2;
			};
			name = Debug;
		};
		EDFE071A16CC2CE200EED6D6 /* Release */ = {
			isa = XCBuildConfiguration;
			buildSettings = {
				ALWAYS_SEARCH_USER_PATHS = NO;
				CLANG_CXX_LANGUAGE_STANDARD = "gnu++0x";
				CLANG_CXX_LIBRARY = "libc++";
				CLANG_ENABLE_OBJC_ARC = YES;
				CLANG_WARN_CONSTANT_CONVERSION = YES;
				CLANG_WARN_EMPTY_BODY = YES;
				CLANG_WARN_ENUM_CONVERSION = YES;
				CLANG_WARN_INT_CONVERSION = YES;
				CLANG_WARN__DUPLICATE_METHOD_MATCH = YES;
				"CODE_SIGN_IDENTITY[sdk=iphoneos*]" = "iPhone Developer";
				COPY_PHASE_STRIP = YES;
				GCC_C_LANGUAGE_STANDARD = gnu99;
				GCC_WARN_ABOUT_RETURN_TYPE = YES;
				GCC_WARN_UNINITIALIZED_AUTOS = YES;
				GCC_WARN_UNUSED_VARIABLE = YES;
				IPHONEOS_DEPLOYMENT_TARGET = 6.1;
				OTHER_CFLAGS = "-DNS_BLOCK_ASSERTIONS=1";
				SDKROOT = iphoneos;
				TARGETED_DEVICE_FAMILY = 2;
				VALIDATE_PRODUCT = YES;
			};
			name = Release;
		};
		EDFE071C16CC2CE200EED6D6 /* Debug */ = {
			isa = XCBuildConfiguration;
			buildSettings = {
				GCC_PRECOMPILE_PREFIX_HEADER = YES;
				GCC_PREFIX_HEADER = "PayAnywhere/PayAnywhere-Prefix.pch";
				INFOPLIST_FILE = "PayAnywhere/PayAnywhere-Info.plist";
				PRODUCT_NAME = "$(TARGET_NAME)";
				WRAPPER_EXTENSION = app;
			};
			name = Debug;
		};
		EDFE071D16CC2CE200EED6D6 /* Release */ = {
			isa = XCBuildConfiguration;
			buildSettings = {
				GCC_PRECOMPILE_PREFIX_HEADER = YES;
				GCC_PREFIX_HEADER = "PayAnywhere/PayAnywhere-Prefix.pch";
				INFOPLIST_FILE = "PayAnywhere/PayAnywhere-Info.plist";
				PRODUCT_NAME = "$(TARGET_NAME)";
				WRAPPER_EXTENSION = app;
			};
			name = Release;
		};
/* End XCBuildConfiguration section */

/* Begin XCConfigurationList section */
		EDFE06F316CC2CE200EED6D6 /* Build configuration list for PBXProject "PayAnywhere" */ = {
			isa = XCConfigurationList;
			buildConfigurations = (
				EDFE071916CC2CE200EED6D6 /* Debug */,
				EDFE071A16CC2CE200EED6D6 /* Release */,
			);
			defaultConfigurationIsVisible = 0;
			defaultConfigurationName = Release;
		};
		EDFE071B16CC2CE200EED6D6 /* Build configuration list for PBXNativeTarget "PayAnywhere" */ = {
			isa = XCConfigurationList;
			buildConfigurations = (
				EDFE071C16CC2CE200EED6D6 /* Debug */,
				EDFE071D16CC2CE200EED6D6 /* Release */,
			);
			defaultConfigurationIsVisible = 0;
			defaultConfigurationName = Release;
		};
/* End XCConfigurationList section */

/* Begin XCVersionGroup section */
		B287E28517F1EAFC0001C929 /* PayAnywhereModel.xcdatamodeld */ = {
			isa = XCVersionGroup;
			children = (
				B287E28617F1EAFC0001C929 /* PayAnywhereModel.xcdatamodel */,
			);
			currentVersion = B287E28617F1EAFC0001C929 /* PayAnywhereModel.xcdatamodel */;
			path = PayAnywhereModel.xcdatamodeld;
			sourceTree = "<group>";
			versionGroupType = wrapper.xcdatamodel;
		};
/* End XCVersionGroup section */
	};
	rootObject = EDFE06F016CC2CE200EED6D6 /* Project object */;
}
